// !$*UTF8*$!
{
	archiveVersion = 1;
	classes = {
	};
	objectVersion = 77;
	objects = {

/* Begin PBXBuildFile section */
		021C93702D95C3E300CC442F /* Cooking.swift in Sources */ = {isa = PBXBuildFile; fileRef = 021C936F2D95C3CF00CC442F /* Cooking.swift */; };
		021C93722D96CE9700CC442F /* Version1Models.swift in Sources */ = {isa = PBXBuildFile; fileRef = 021C93712D96CE8D00CC442F /* Version1Models.swift */; };
		021C937B2D9729FE00CC442F /* SectionedResults.swift in Sources */ = {isa = PBXBuildFile; fileRef = 021C937A2D9729FE00CC442F /* SectionedResults.swift */; };
		021C937C2D9729FE00CC442F /* SectionedQuery.swift in Sources */ = {isa = PBXBuildFile; fileRef = 021C93792D9729FE00CC442F /* SectionedQuery.swift */; };
		023D0A5B2D6DFEB100AF8D3D /* Schemas.swift in Sources */ = {isa = PBXBuildFile; fileRef = 023D0A5A2D6DFEAC00AF8D3D /* Schemas.swift */; };
		024C8E5A2E0AA9C800D2857F /* RecipeFilter.swift in Sources */ = {isa = PBXBuildFile; fileRef = 024C8E592E0AA9C500D2857F /* RecipeFilter.swift */; };
		024C8E5B2E0AA9C800D2857F /* RecipeFilter.swift in Sources */ = {isa = PBXBuildFile; fileRef = 024C8E592E0AA9C500D2857F /* RecipeFilter.swift */; };
		024C8E5D2E0AB76200D2857F /* RecipeFilterView.swift in Sources */ = {isa = PBXBuildFile; fileRef = 024C8E5C2E0AB75B00D2857F /* RecipeFilterView.swift */; };
		02BA11E02DE5CB2E008FC60F /* Version2Models.swift in Sources */ = {isa = PBXBuildFile; fileRef = 02BA11DF2DE5CB2B008FC60F /* Version2Models.swift */; };
		02BA11E22DE5F611008FC60F /* RecipeView.swift in Sources */ = {isa = PBXBuildFile; fileRef = 02BA11E12DE5F60E008FC60F /* RecipeView.swift */; };
		02BA11E42DE619C3008FC60F /* CreateEditRecipeView.swift in Sources */ = {isa = PBXBuildFile; fileRef = 02BA11E32DE619C0008FC60F /* CreateEditRecipeView.swift */; };
		02BA11E62DE71754008FC60F /* UIUtils.swift in Sources */ = {isa = PBXBuildFile; fileRef = 02BA11E52DE7174E008FC60F /* UIUtils.swift */; };
		02BA11E82DE72F29008FC60F /* CreateEditBookView.swift in Sources */ = {isa = PBXBuildFile; fileRef = 02BA11E72DE72F24008FC60F /* CreateEditBookView.swift */; };
		02BA120A2DE74FF0008FC60F /* WidgetKit.framework in Frameworks */ = {isa = PBXBuildFile; fileRef = 02BA12092DE74FF0008FC60F /* WidgetKit.framework */; };
		02BA120C2DE74FF0008FC60F /* SwiftUI.framework in Frameworks */ = {isa = PBXBuildFile; fileRef = 02BA120B2DE74FF0008FC60F /* SwiftUI.framework */; };
		02BA12172DE74FF2008FC60F /* RecipesWidgetExtension.appex in Embed Foundation Extensions */ = {isa = PBXBuildFile; fileRef = 02BA12072DE74FF0008FC60F /* RecipesWidgetExtension.appex */; settings = {ATTRIBUTES = (RemoveHeadersOnCopy, ); }; };
		02BA121E2DE8432E008FC60F /* DatabaseLoader.swift in Sources */ = {isa = PBXBuildFile; fileRef = 02C144922D5B8824009C99CF /* DatabaseLoader.swift */; };
		02BA121F2DE8433E008FC60F /* Log.swift in Sources */ = {isa = PBXBuildFile; fileRef = 02C144942D5B960C009C99CF /* Log.swift */; };
		02BA12202DE843AC008FC60F /* Schemas.swift in Sources */ = {isa = PBXBuildFile; fileRef = 023D0A5A2D6DFEAC00AF8D3D /* Schemas.swift */; };
		02BA12212DE843C6008FC60F /* Version2Models.swift in Sources */ = {isa = PBXBuildFile; fileRef = 02BA11DF2DE5CB2B008FC60F /* Version2Models.swift */; };
		02BA12222DE843C6008FC60F /* Book.swift in Sources */ = {isa = PBXBuildFile; fileRef = 02C1449C2D5E355E009C99CF /* Book.swift */; };
		02BA12232DE843C6008FC60F /* Recipe.swift in Sources */ = {isa = PBXBuildFile; fileRef = 02C144A52D5E45D1009C99CF /* Recipe.swift */; };
		02BA12242DE843C6008FC60F /* Cooking.swift in Sources */ = {isa = PBXBuildFile; fileRef = 021C936F2D95C3CF00CC442F /* Cooking.swift */; };
		02BA12252DE843C6008FC60F /* ModelUtils.swift in Sources */ = {isa = PBXBuildFile; fileRef = 02C1449E2D5E3C8D009C99CF /* ModelUtils.swift */; };
		02BA12262DE843C6008FC60F /* Version1Models.swift in Sources */ = {isa = PBXBuildFile; fileRef = 021C93712D96CE8D00CC442F /* Version1Models.swift */; };
		02BA123B2DE8E4E7008FC60F /* RecipeIntents.swift in Sources */ = {isa = PBXBuildFile; fileRef = 02BA123A2DE8E4E1008FC60F /* RecipeIntents.swift */; };
		02BA123C2DE8E4E7008FC60F /* RecipeIntents.swift in Sources */ = {isa = PBXBuildFile; fileRef = 02BA123A2DE8E4E1008FC60F /* RecipeIntents.swift */; };
		02C1448D2D5B8569009C99CF /* Preview Assets.xcassets in Resources */ = {isa = PBXBuildFile; fileRef = 02C144862D5B8569009C99CF /* Preview Assets.xcassets */; };
		02C1448E2D5B8569009C99CF /* Assets.xcassets in Resources */ = {isa = PBXBuildFile; fileRef = 02C1448A2D5B8569009C99CF /* Assets.xcassets */; };
		02C1448F2D5B8569009C99CF /* RecipesApp.swift in Sources */ = {isa = PBXBuildFile; fileRef = 02C144822D5B8569009C99CF /* RecipesApp.swift */; };
		02C144932D5B8836009C99CF /* DatabaseLoader.swift in Sources */ = {isa = PBXBuildFile; fileRef = 02C144922D5B8824009C99CF /* DatabaseLoader.swift */; };
		02C144952D5B960D009C99CF /* Log.swift in Sources */ = {isa = PBXBuildFile; fileRef = 02C144942D5B960C009C99CF /* Log.swift */; };
		02C144972D5CADB5009C99CF /* RecipesView.swift in Sources */ = {isa = PBXBuildFile; fileRef = 02C144962D5CADAB009C99CF /* RecipesView.swift */; };
		02C144992D5CADD6009C99CF /* BooksView.swift in Sources */ = {isa = PBXBuildFile; fileRef = 02C144982D5CADD4009C99CF /* BooksView.swift */; };
		02C1449B2D5CC015009C99CF /* LogView.swift in Sources */ = {isa = PBXBuildFile; fileRef = 02C1449A2D5CC014009C99CF /* LogView.swift */; };
		02C1449D2D5E3561009C99CF /* Book.swift in Sources */ = {isa = PBXBuildFile; fileRef = 02C1449C2D5E355E009C99CF /* Book.swift */; };
		02C1449F2D5E3C90009C99CF /* ModelUtils.swift in Sources */ = {isa = PBXBuildFile; fileRef = 02C1449E2D5E3C8D009C99CF /* ModelUtils.swift */; };
		02C144A42D5E4424009C99CF /* DefaultObjects.swift in Sources */ = {isa = PBXBuildFile; fileRef = 02C144A22D5E42A2009C99CF /* DefaultObjects.swift */; };
		02C144A62D5E45D4009C99CF /* Recipe.swift in Sources */ = {isa = PBXBuildFile; fileRef = 02C144A52D5E45D1009C99CF /* Recipe.swift */; };
/* End PBXBuildFile section */

/* Begin PBXContainerItemProxy section */
		02BA12152DE74FF2008FC60F /* PBXContainerItemProxy */ = {
			isa = PBXContainerItemProxy;
			containerPortal = 02C144532D5B7BAC009C99CF /* Project object */;
			proxyType = 1;
			remoteGlobalIDString = 02BA12062DE74FF0008FC60F;
			remoteInfo = RecipesWidgetExtension;
		};
/* End PBXContainerItemProxy section */

/* Begin PBXCopyFilesBuildPhase section */
		02BA12182DE74FF2008FC60F /* Embed Foundation Extensions */ = {
			isa = PBXCopyFilesBuildPhase;
			buildActionMask = 2147483647;
			dstPath = "";
			dstSubfolderSpec = 13;
			files = (
				02BA12172DE74FF2008FC60F /* RecipesWidgetExtension.appex in Embed Foundation Extensions */,
			);
			name = "Embed Foundation Extensions";
			runOnlyForDeploymentPostprocessing = 0;
		};
/* End PBXCopyFilesBuildPhase section */

/* Begin PBXFileReference section */
		021C936F2D95C3CF00CC442F /* Cooking.swift */ = {isa = PBXFileReference; lastKnownFileType = sourcecode.swift; path = Cooking.swift; sourceTree = "<group>"; };
		021C93712D96CE8D00CC442F /* Version1Models.swift */ = {isa = PBXFileReference; lastKnownFileType = sourcecode.swift; path = Version1Models.swift; sourceTree = "<group>"; };
		021C93792D9729FE00CC442F /* SectionedQuery.swift */ = {isa = PBXFileReference; lastKnownFileType = sourcecode.swift; path = SectionedQuery.swift; sourceTree = "<group>"; };
		021C937A2D9729FE00CC442F /* SectionedResults.swift */ = {isa = PBXFileReference; lastKnownFileType = sourcecode.swift; path = SectionedResults.swift; sourceTree = "<group>"; };
		023D0A5A2D6DFEAC00AF8D3D /* Schemas.swift */ = {isa = PBXFileReference; lastKnownFileType = sourcecode.swift; path = Schemas.swift; sourceTree = "<group>"; };
		024C8E592E0AA9C500D2857F /* RecipeFilter.swift */ = {isa = PBXFileReference; lastKnownFileType = sourcecode.swift; path = RecipeFilter.swift; sourceTree = "<group>"; };
		024C8E5C2E0AB75B00D2857F /* RecipeFilterView.swift */ = {isa = PBXFileReference; lastKnownFileType = sourcecode.swift; path = RecipeFilterView.swift; sourceTree = "<group>"; };
		02BA11DF2DE5CB2B008FC60F /* Version2Models.swift */ = {isa = PBXFileReference; lastKnownFileType = sourcecode.swift; path = Version2Models.swift; sourceTree = "<group>"; };
		02BA11E12DE5F60E008FC60F /* RecipeView.swift */ = {isa = PBXFileReference; lastKnownFileType = sourcecode.swift; path = RecipeView.swift; sourceTree = "<group>"; };
		02BA11E32DE619C0008FC60F /* CreateEditRecipeView.swift */ = {isa = PBXFileReference; lastKnownFileType = sourcecode.swift; path = CreateEditRecipeView.swift; sourceTree = "<group>"; };
		02BA11E52DE7174E008FC60F /* UIUtils.swift */ = {isa = PBXFileReference; lastKnownFileType = sourcecode.swift; path = UIUtils.swift; sourceTree = "<group>"; };
		02BA11E72DE72F24008FC60F /* CreateEditBookView.swift */ = {isa = PBXFileReference; lastKnownFileType = sourcecode.swift; path = CreateEditBookView.swift; sourceTree = "<group>"; };
		02BA12072DE74FF0008FC60F /* RecipesWidgetExtension.appex */ = {isa = PBXFileReference; explicitFileType = "wrapper.app-extension"; includeInIndex = 0; path = RecipesWidgetExtension.appex; sourceTree = BUILT_PRODUCTS_DIR; };
		02BA12092DE74FF0008FC60F /* WidgetKit.framework */ = {isa = PBXFileReference; lastKnownFileType = wrapper.framework; name = WidgetKit.framework; path = System/Library/Frameworks/WidgetKit.framework; sourceTree = SDKROOT; };
		02BA120B2DE74FF0008FC60F /* SwiftUI.framework */ = {isa = PBXFileReference; lastKnownFileType = wrapper.framework; name = SwiftUI.framework; path = System/Library/Frameworks/SwiftUI.framework; sourceTree = SDKROOT; };
		02BA121D2DE751FE008FC60F /* RecipesWidgetExtension.entitlements */ = {isa = PBXFileReference; lastKnownFileType = text.plist.entitlements; path = RecipesWidgetExtension.entitlements; sourceTree = "<group>"; };
		02BA123A2DE8E4E1008FC60F /* RecipeIntents.swift */ = {isa = PBXFileReference; lastKnownFileType = sourcecode.swift; path = RecipeIntents.swift; sourceTree = "<group>"; };
		02C1445B2D5B7BAC009C99CF /* Recipes.app */ = {isa = PBXFileReference; explicitFileType = wrapper.application; includeInIndex = 0; path = Recipes.app; sourceTree = BUILT_PRODUCTS_DIR; };
		02C144822D5B8569009C99CF /* RecipesApp.swift */ = {isa = PBXFileReference; lastKnownFileType = sourcecode.swift; path = RecipesApp.swift; sourceTree = "<group>"; };
		02C144862D5B8569009C99CF /* Preview Assets.xcassets */ = {isa = PBXFileReference; lastKnownFileType = folder.assetcatalog; path = "Preview Assets.xcassets"; sourceTree = "<group>"; };
		02C1448A2D5B8569009C99CF /* Assets.xcassets */ = {isa = PBXFileReference; lastKnownFileType = folder.assetcatalog; path = Assets.xcassets; sourceTree = "<group>"; };
		02C1448B2D5B8569009C99CF /* Recipes.entitlements */ = {isa = PBXFileReference; lastKnownFileType = text.plist.entitlements; path = Recipes.entitlements; sourceTree = "<group>"; };
		02C144922D5B8824009C99CF /* DatabaseLoader.swift */ = {isa = PBXFileReference; lastKnownFileType = sourcecode.swift; path = DatabaseLoader.swift; sourceTree = "<group>"; };
		02C144942D5B960C009C99CF /* Log.swift */ = {isa = PBXFileReference; lastKnownFileType = sourcecode.swift; path = Log.swift; sourceTree = "<group>"; };
		02C144962D5CADAB009C99CF /* RecipesView.swift */ = {isa = PBXFileReference; lastKnownFileType = sourcecode.swift; path = RecipesView.swift; sourceTree = "<group>"; };
		02C144982D5CADD4009C99CF /* BooksView.swift */ = {isa = PBXFileReference; lastKnownFileType = sourcecode.swift; path = BooksView.swift; sourceTree = "<group>"; };
		02C1449A2D5CC014009C99CF /* LogView.swift */ = {isa = PBXFileReference; lastKnownFileType = sourcecode.swift; path = LogView.swift; sourceTree = "<group>"; };
		02C1449C2D5E355E009C99CF /* Book.swift */ = {isa = PBXFileReference; lastKnownFileType = sourcecode.swift; path = Book.swift; sourceTree = "<group>"; };
		02C1449E2D5E3C8D009C99CF /* ModelUtils.swift */ = {isa = PBXFileReference; lastKnownFileType = sourcecode.swift; path = ModelUtils.swift; sourceTree = "<group>"; };
		02C144A22D5E42A2009C99CF /* DefaultObjects.swift */ = {isa = PBXFileReference; lastKnownFileType = sourcecode.swift; path = DefaultObjects.swift; sourceTree = "<group>"; };
		02C144A52D5E45D1009C99CF /* Recipe.swift */ = {isa = PBXFileReference; lastKnownFileType = sourcecode.swift; path = Recipe.swift; sourceTree = "<group>"; };
/* End PBXFileReference section */

/* Begin PBXFileSystemSynchronizedBuildFileExceptionSet section */
		02BA121B2DE74FF2008FC60F /* Exceptions for "RecipesWidget" folder in "RecipesWidgetExtension" target */ = {
			isa = PBXFileSystemSynchronizedBuildFileExceptionSet;
			membershipExceptions = (
				Info.plist,
			);
			target = 02BA12062DE74FF0008FC60F /* RecipesWidgetExtension */;
		};
/* End PBXFileSystemSynchronizedBuildFileExceptionSet section */

/* Begin PBXFileSystemSynchronizedRootGroup section */
		02BA120D2DE74FF0008FC60F /* RecipesWidget */ = {
			isa = PBXFileSystemSynchronizedRootGroup;
			exceptions = (
				02BA121B2DE74FF2008FC60F /* Exceptions for "RecipesWidget" folder in "RecipesWidgetExtension" target */,
			);
			path = RecipesWidget;
			sourceTree = "<group>";
		};
/* End PBXFileSystemSynchronizedRootGroup section */

/* Begin PBXFrameworksBuildPhase section */
		02BA12042DE74FF0008FC60F /* Frameworks */ = {
			isa = PBXFrameworksBuildPhase;
			buildActionMask = 2147483647;
			files = (
				02BA120C2DE74FF0008FC60F /* SwiftUI.framework in Frameworks */,
				02BA120A2DE74FF0008FC60F /* WidgetKit.framework in Frameworks */,
			);
			runOnlyForDeploymentPostprocessing = 0;
		};
		02C144582D5B7BAC009C99CF /* Frameworks */ = {
			isa = PBXFrameworksBuildPhase;
			buildActionMask = 2147483647;
			files = (
			);
			runOnlyForDeploymentPostprocessing = 0;
		};
/* End PBXFrameworksBuildPhase section */

/* Begin PBXGroup section */
		021C93772D9729F200CC442F /* SectionedQuery */ = {
			isa = PBXGroup;
			children = (
				021C93792D9729FE00CC442F /* SectionedQuery.swift */,
				021C937A2D9729FE00CC442F /* SectionedResults.swift */,
			);
			path = SectionedQuery;
			sourceTree = "<group>";
		};
		02BA12082DE74FF0008FC60F /* Frameworks */ = {
			isa = PBXGroup;
			children = (
				02BA12092DE74FF0008FC60F /* WidgetKit.framework */,
				02BA120B2DE74FF0008FC60F /* SwiftUI.framework */,
			);
			name = Frameworks;
			sourceTree = "<group>";
		};
		02C144522D5B7BAC009C99CF = {
			isa = PBXGroup;
			children = (
				02BA121D2DE751FE008FC60F /* RecipesWidgetExtension.entitlements */,
				02C1448C2D5B8569009C99CF /* Recipes */,
				02BA120D2DE74FF0008FC60F /* RecipesWidget */,
				02BA12082DE74FF0008FC60F /* Frameworks */,
				02C1445C2D5B7BAC009C99CF /* Products */,
			);
			sourceTree = "<group>";
		};
		02C1445C2D5B7BAC009C99CF /* Products */ = {
			isa = PBXGroup;
			children = (
				02C1445B2D5B7BAC009C99CF /* Recipes.app */,
				02BA12072DE74FF0008FC60F /* RecipesWidgetExtension.appex */,
			);
			name = Products;
			sourceTree = "<group>";
		};
		02C144832D5B8569009C99CF /* App */ = {
			isa = PBXGroup;
			children = (
				02C144822D5B8569009C99CF /* RecipesApp.swift */,
				02C144942D5B960C009C99CF /* Log.swift */,
			);
			path = App;
			sourceTree = "<group>";
		};
		02C144852D5B8569009C99CF /* Model */ = {
			isa = PBXGroup;
			children = (
				024C8E592E0AA9C500D2857F /* RecipeFilter.swift */,
				02C144A52D5E45D1009C99CF /* Recipe.swift */,
				02BA123A2DE8E4E1008FC60F /* RecipeIntents.swift */,
				02C1449C2D5E355E009C99CF /* Book.swift */,
				021C936F2D95C3CF00CC442F /* Cooking.swift */,
				02C1449E2D5E3C8D009C99CF /* ModelUtils.swift */,
				02C144922D5B8824009C99CF /* DatabaseLoader.swift */,
				023D0A5A2D6DFEAC00AF8D3D /* Schemas.swift */,
				021C93712D96CE8D00CC442F /* Version1Models.swift */,
				02BA11DF2DE5CB2B008FC60F /* Version2Models.swift */,
			);
			path = Model;
			sourceTree = "<group>";
		};
		02C144872D5B8569009C99CF /* Preview Content */ = {
			isa = PBXGroup;
			children = (
				02C144862D5B8569009C99CF /* Preview Assets.xcassets */,
				02C144A22D5E42A2009C99CF /* DefaultObjects.swift */,
			);
			path = "Preview Content";
			sourceTree = "<group>";
		};
		02C144892D5B8569009C99CF /* Views */ = {
			isa = PBXGroup;
			children = (
				02C144962D5CADAB009C99CF /* RecipesView.swift */,
				02BA11E12DE5F60E008FC60F /* RecipeView.swift */,
				02C144982D5CADD4009C99CF /* BooksView.swift */,
				024C8E5C2E0AB75B00D2857F /* RecipeFilterView.swift */,
				02BA11E72DE72F24008FC60F /* CreateEditBookView.swift */,
				02BA11E32DE619C0008FC60F /* CreateEditRecipeView.swift */,
				02C1449A2D5CC014009C99CF /* LogView.swift */,
				02BA11E52DE7174E008FC60F /* UIUtils.swift */,
			);
			path = Views;
			sourceTree = "<group>";
		};
		02C1448C2D5B8569009C99CF /* Recipes */ = {
			isa = PBXGroup;
			children = (
				021C93772D9729F200CC442F /* SectionedQuery */,
				02C144832D5B8569009C99CF /* App */,
				02C144892D5B8569009C99CF /* Views */,
				02C144852D5B8569009C99CF /* Model */,
				02C144872D5B8569009C99CF /* Preview Content */,
				02C1448A2D5B8569009C99CF /* Assets.xcassets */,
				02C1448B2D5B8569009C99CF /* Recipes.entitlements */,
			);
			path = Recipes;
			sourceTree = "<group>";
		};
/* End PBXGroup section */

/* Begin PBXNativeTarget section */
		02BA12062DE74FF0008FC60F /* RecipesWidgetExtension */ = {
			isa = PBXNativeTarget;
			buildConfigurationList = 02BA121C2DE74FF2008FC60F /* Build configuration list for PBXNativeTarget "RecipesWidgetExtension" */;
			buildPhases = (
				02BA12032DE74FF0008FC60F /* Sources */,
				02BA12042DE74FF0008FC60F /* Frameworks */,
				02BA12052DE74FF0008FC60F /* Resources */,
			);
			buildRules = (
			);
			dependencies = (
			);
			fileSystemSynchronizedGroups = (
				02BA120D2DE74FF0008FC60F /* RecipesWidget */,
			);
			name = RecipesWidgetExtension;
			packageProductDependencies = (
			);
			productName = RecipesWidgetExtension;
			productReference = 02BA12072DE74FF0008FC60F /* RecipesWidgetExtension.appex */;
			productType = "com.apple.product-type.app-extension";
		};
		02C1445A2D5B7BAC009C99CF /* Recipes */ = {
			isa = PBXNativeTarget;
			buildConfigurationList = 02C1446C2D5B7BB0009C99CF /* Build configuration list for PBXNativeTarget "Recipes" */;
			buildPhases = (
				02C144572D5B7BAC009C99CF /* Sources */,
				02C144582D5B7BAC009C99CF /* Frameworks */,
				02C144592D5B7BAC009C99CF /* Resources */,
				02BA12182DE74FF2008FC60F /* Embed Foundation Extensions */,
			);
			buildRules = (
			);
			dependencies = (
				02BA12162DE74FF2008FC60F /* PBXTargetDependency */,
			);
			name = Recipes;
			packageProductDependencies = (
			);
			productName = Recipes;
			productReference = 02C1445B2D5B7BAC009C99CF /* Recipes.app */;
			productType = "com.apple.product-type.application";
		};
/* End PBXNativeTarget section */

/* Begin PBXProject section */
		02C144532D5B7BAC009C99CF /* Project object */ = {
			isa = PBXProject;
			attributes = {
				BuildIndependentTargetsInParallel = 1;
				LastSwiftUpdateCheck = 1640;
				LastUpgradeCheck = 1630;
				TargetAttributes = {
					02BA12062DE74FF0008FC60F = {
						CreatedOnToolsVersion = 16.4;
					};
					02C1445A2D5B7BAC009C99CF = {
						CreatedOnToolsVersion = 16.2;
					};
				};
			};
			buildConfigurationList = 02C144562D5B7BAC009C99CF /* Build configuration list for PBXProject "Recipes" */;
			developmentRegion = en;
			hasScannedForEncodings = 0;
			knownRegions = (
				en,
				Base,
			);
			mainGroup = 02C144522D5B7BAC009C99CF;
			minimizedProjectReferenceProxies = 1;
			packageReferences = (
			);
			preferredProjectObjectVersion = 77;
			productRefGroup = 02C1445C2D5B7BAC009C99CF /* Products */;
			projectDirPath = "";
			projectRoot = "";
			targets = (
				02C1445A2D5B7BAC009C99CF /* Recipes */,
				02BA12062DE74FF0008FC60F /* RecipesWidgetExtension */,
			);
		};
/* End PBXProject section */

/* Begin PBXResourcesBuildPhase section */
		02BA12052DE74FF0008FC60F /* Resources */ = {
			isa = PBXResourcesBuildPhase;
			buildActionMask = 2147483647;
			files = (
			);
			runOnlyForDeploymentPostprocessing = 0;
		};
		02C144592D5B7BAC009C99CF /* Resources */ = {
			isa = PBXResourcesBuildPhase;
			buildActionMask = 2147483647;
			files = (
				02C1448D2D5B8569009C99CF /* Preview Assets.xcassets in Resources */,
				02C1448E2D5B8569009C99CF /* Assets.xcassets in Resources */,
			);
			runOnlyForDeploymentPostprocessing = 0;
		};
/* End PBXResourcesBuildPhase section */

/* Begin PBXSourcesBuildPhase section */
		02BA12032DE74FF0008FC60F /* Sources */ = {
			isa = PBXSourcesBuildPhase;
			buildActionMask = 2147483647;
			files = (
				02BA121E2DE8432E008FC60F /* DatabaseLoader.swift in Sources */,
				024C8E5B2E0AA9C800D2857F /* RecipeFilter.swift in Sources */,
				02BA12212DE843C6008FC60F /* Version2Models.swift in Sources */,
				02BA12222DE843C6008FC60F /* Book.swift in Sources */,
				02BA12232DE843C6008FC60F /* Recipe.swift in Sources */,
				02BA12242DE843C6008FC60F /* Cooking.swift in Sources */,
				02BA12252DE843C6008FC60F /* ModelUtils.swift in Sources */,
				02BA12262DE843C6008FC60F /* Version1Models.swift in Sources */,
				02BA12202DE843AC008FC60F /* Schemas.swift in Sources */,
				02BA121F2DE8433E008FC60F /* Log.swift in Sources */,
				02BA123C2DE8E4E7008FC60F /* RecipeIntents.swift in Sources */,
			);
			runOnlyForDeploymentPostprocessing = 0;
		};
		02C144572D5B7BAC009C99CF /* Sources */ = {
			isa = PBXSourcesBuildPhase;
			buildActionMask = 2147483647;
			files = (
				021C93702D95C3E300CC442F /* Cooking.swift in Sources */,
				021C93722D96CE9700CC442F /* Version1Models.swift in Sources */,
				02BA123B2DE8E4E7008FC60F /* RecipeIntents.swift in Sources */,
				02BA11E62DE71754008FC60F /* UIUtils.swift in Sources */,
				02BA11E02DE5CB2E008FC60F /* Version2Models.swift in Sources */,
				02C1449D2D5E3561009C99CF /* Book.swift in Sources */,
				02C1449F2D5E3C90009C99CF /* ModelUtils.swift in Sources */,
				024C8E5A2E0AA9C800D2857F /* RecipeFilter.swift in Sources */,
				02C144A42D5E4424009C99CF /* DefaultObjects.swift in Sources */,
				02C1448F2D5B8569009C99CF /* RecipesApp.swift in Sources */,
				02BA11E42DE619C3008FC60F /* CreateEditRecipeView.swift in Sources */,
				023D0A5B2D6DFEB100AF8D3D /* Schemas.swift in Sources */,
				02C144952D5B960D009C99CF /* Log.swift in Sources */,
				021C937B2D9729FE00CC442F /* SectionedResults.swift in Sources */,
				02BA11E22DE5F611008FC60F /* RecipeView.swift in Sources */,
				021C937C2D9729FE00CC442F /* SectionedQuery.swift in Sources */,
				02BA11E82DE72F29008FC60F /* CreateEditBookView.swift in Sources */,
				02C144972D5CADB5009C99CF /* RecipesView.swift in Sources */,
				02C144932D5B8836009C99CF /* DatabaseLoader.swift in Sources */,
				02C144992D5CADD6009C99CF /* BooksView.swift in Sources */,
				02C1449B2D5CC015009C99CF /* LogView.swift in Sources */,
				02C144A62D5E45D4009C99CF /* Recipe.swift in Sources */,
				024C8E5D2E0AB76200D2857F /* RecipeFilterView.swift in Sources */,
			);
			runOnlyForDeploymentPostprocessing = 0;
		};
/* End PBXSourcesBuildPhase section */

/* Begin PBXTargetDependency section */
		02BA12162DE74FF2008FC60F /* PBXTargetDependency */ = {
			isa = PBXTargetDependency;
			target = 02BA12062DE74FF0008FC60F /* RecipesWidgetExtension */;
			targetProxy = 02BA12152DE74FF2008FC60F /* PBXContainerItemProxy */;
		};
/* End PBXTargetDependency section */

/* Begin XCBuildConfiguration section */
		02BA12192DE74FF2008FC60F /* Debug */ = {
			isa = XCBuildConfiguration;
			buildSettings = {
				ASSETCATALOG_COMPILER_GLOBAL_ACCENT_COLOR_NAME = AccentColor;
				ASSETCATALOG_COMPILER_WIDGET_BACKGROUND_COLOR_NAME = WidgetBackground;
				CODE_SIGN_ENTITLEMENTS = RecipesWidgetExtension.entitlements;
				CODE_SIGN_STYLE = Automatic;
				CURRENT_PROJECT_VERSION = 1;
				GENERATE_INFOPLIST_FILE = YES;
				INFOPLIST_FILE = RecipesWidget/Info.plist;
				INFOPLIST_KEY_CFBundleDisplayName = RecipesWidget;
				INFOPLIST_KEY_NSHumanReadableCopyright = "";
				IPHONEOS_DEPLOYMENT_TARGET = 18.5;
				LD_RUNPATH_SEARCH_PATHS = (
					"$(inherited)",
					"@executable_path/Frameworks",
					"@executable_path/../../Frameworks",
				);
				MARKETING_VERSION = 1.0;
				PRODUCT_BUNDLE_IDENTIFIER = tml.Recipes.RecipesWidget;
				PRODUCT_NAME = "$(TARGET_NAME)";
				SDKROOT = iphoneos;
				SKIP_INSTALL = YES;
				SWIFT_EMIT_LOC_STRINGS = YES;
				SWIFT_VERSION = 5.0;
				TARGETED_DEVICE_FAMILY = "1,2";
			};
			name = Debug;
		};
		02BA121A2DE74FF2008FC60F /* Release */ = {
			isa = XCBuildConfiguration;
			buildSettings = {
				ASSETCATALOG_COMPILER_GLOBAL_ACCENT_COLOR_NAME = AccentColor;
				ASSETCATALOG_COMPILER_WIDGET_BACKGROUND_COLOR_NAME = WidgetBackground;
				CODE_SIGN_ENTITLEMENTS = RecipesWidgetExtension.entitlements;
				CODE_SIGN_STYLE = Automatic;
				CURRENT_PROJECT_VERSION = 1;
				GENERATE_INFOPLIST_FILE = YES;
				INFOPLIST_FILE = RecipesWidget/Info.plist;
				INFOPLIST_KEY_CFBundleDisplayName = RecipesWidget;
				INFOPLIST_KEY_NSHumanReadableCopyright = "";
				IPHONEOS_DEPLOYMENT_TARGET = 18.5;
				LD_RUNPATH_SEARCH_PATHS = (
					"$(inherited)",
					"@executable_path/Frameworks",
					"@executable_path/../../Frameworks",
				);
				MARKETING_VERSION = 1.0;
				PRODUCT_BUNDLE_IDENTIFIER = tml.Recipes.RecipesWidget;
				PRODUCT_NAME = "$(TARGET_NAME)";
				SDKROOT = iphoneos;
				SKIP_INSTALL = YES;
				SWIFT_EMIT_LOC_STRINGS = YES;
				SWIFT_VERSION = 5.0;
				TARGETED_DEVICE_FAMILY = "1,2";
				VALIDATE_PRODUCT = YES;
			};
			name = Release;
		};
		02C1446A2D5B7BB0009C99CF /* Debug */ = {
			isa = XCBuildConfiguration;
			buildSettings = {
				ALWAYS_SEARCH_USER_PATHS = NO;
				ASSETCATALOG_COMPILER_GENERATE_SWIFT_ASSET_SYMBOL_EXTENSIONS = YES;
				CLANG_ANALYZER_NONNULL = YES;
				CLANG_ANALYZER_NUMBER_OBJECT_CONVERSION = YES_AGGRESSIVE;
				CLANG_CXX_LANGUAGE_STANDARD = "gnu++20";
				CLANG_ENABLE_MODULES = YES;
				CLANG_ENABLE_OBJC_ARC = YES;
				CLANG_ENABLE_OBJC_WEAK = YES;
				CLANG_WARN_BLOCK_CAPTURE_AUTORELEASING = YES;
				CLANG_WARN_BOOL_CONVERSION = YES;
				CLANG_WARN_COMMA = YES;
				CLANG_WARN_CONSTANT_CONVERSION = YES;
				CLANG_WARN_DEPRECATED_OBJC_IMPLEMENTATIONS = YES;
				CLANG_WARN_DIRECT_OBJC_ISA_USAGE = YES_ERROR;
				CLANG_WARN_DOCUMENTATION_COMMENTS = YES;
				CLANG_WARN_EMPTY_BODY = YES;
				CLANG_WARN_ENUM_CONVERSION = YES;
				CLANG_WARN_INFINITE_RECURSION = YES;
				CLANG_WARN_INT_CONVERSION = YES;
				CLANG_WARN_NON_LITERAL_NULL_CONVERSION = YES;
				CLANG_WARN_OBJC_IMPLICIT_RETAIN_SELF = YES;
				CLANG_WARN_OBJC_LITERAL_CONVERSION = YES;
				CLANG_WARN_OBJC_ROOT_CLASS = YES_ERROR;
				CLANG_WARN_QUOTED_INCLUDE_IN_FRAMEWORK_HEADER = YES;
				CLANG_WARN_RANGE_LOOP_ANALYSIS = YES;
				CLANG_WARN_STRICT_PROTOTYPES = YES;
				CLANG_WARN_SUSPICIOUS_MOVE = YES;
				CLANG_WARN_UNGUARDED_AVAILABILITY = YES_AGGRESSIVE;
				CLANG_WARN_UNREACHABLE_CODE = YES;
				CLANG_WARN__DUPLICATE_METHOD_MATCH = YES;
				COPY_PHASE_STRIP = NO;
				DEAD_CODE_STRIPPING = YES;
				DEBUG_INFORMATION_FORMAT = dwarf;
				DEVELOPMENT_TEAM = D243YH28Y6;
				ENABLE_STRICT_OBJC_MSGSEND = YES;
				ENABLE_TESTABILITY = YES;
				ENABLE_USER_SCRIPT_SANDBOXING = YES;
				GCC_C_LANGUAGE_STANDARD = gnu17;
				GCC_DYNAMIC_NO_PIC = NO;
				GCC_NO_COMMON_BLOCKS = YES;
				GCC_OPTIMIZATION_LEVEL = 0;
				GCC_PREPROCESSOR_DEFINITIONS = (
					"DEBUG=1",
					"$(inherited)",
				);
				GCC_WARN_64_TO_32_BIT_CONVERSION = YES;
				GCC_WARN_ABOUT_RETURN_TYPE = YES_ERROR;
				GCC_WARN_UNDECLARED_SELECTOR = YES;
				GCC_WARN_UNINITIALIZED_AUTOS = YES_AGGRESSIVE;
				GCC_WARN_UNUSED_FUNCTION = YES;
				GCC_WARN_UNUSED_VARIABLE = YES;
				LOCALIZATION_PREFERS_STRING_CATALOGS = YES;
				MTL_ENABLE_DEBUG_INFO = INCLUDE_SOURCE;
				MTL_FAST_MATH = YES;
				ONLY_ACTIVE_ARCH = YES;
				SWIFT_ACTIVE_COMPILATION_CONDITIONS = "DEBUG $(inherited)";
				SWIFT_OPTIMIZATION_LEVEL = "-Onone";
			};
			name = Debug;
		};
		02C1446B2D5B7BB0009C99CF /* Release */ = {
			isa = XCBuildConfiguration;
			buildSettings = {
				ALWAYS_SEARCH_USER_PATHS = NO;
				ASSETCATALOG_COMPILER_GENERATE_SWIFT_ASSET_SYMBOL_EXTENSIONS = YES;
				CLANG_ANALYZER_NONNULL = YES;
				CLANG_ANALYZER_NUMBER_OBJECT_CONVERSION = YES_AGGRESSIVE;
				CLANG_CXX_LANGUAGE_STANDARD = "gnu++20";
				CLANG_ENABLE_MODULES = YES;
				CLANG_ENABLE_OBJC_ARC = YES;
				CLANG_ENABLE_OBJC_WEAK = YES;
				CLANG_WARN_BLOCK_CAPTURE_AUTORELEASING = YES;
				CLANG_WARN_BOOL_CONVERSION = YES;
				CLANG_WARN_COMMA = YES;
				CLANG_WARN_CONSTANT_CONVERSION = YES;
				CLANG_WARN_DEPRECATED_OBJC_IMPLEMENTATIONS = YES;
				CLANG_WARN_DIRECT_OBJC_ISA_USAGE = YES_ERROR;
				CLANG_WARN_DOCUMENTATION_COMMENTS = YES;
				CLANG_WARN_EMPTY_BODY = YES;
				CLANG_WARN_ENUM_CONVERSION = YES;
				CLANG_WARN_INFINITE_RECURSION = YES;
				CLANG_WARN_INT_CONVERSION = YES;
				CLANG_WARN_NON_LITERAL_NULL_CONVERSION = YES;
				CLANG_WARN_OBJC_IMPLICIT_RETAIN_SELF = YES;
				CLANG_WARN_OBJC_LITERAL_CONVERSION = YES;
				CLANG_WARN_OBJC_ROOT_CLASS = YES_ERROR;
				CLANG_WARN_QUOTED_INCLUDE_IN_FRAMEWORK_HEADER = YES;
				CLANG_WARN_RANGE_LOOP_ANALYSIS = YES;
				CLANG_WARN_STRICT_PROTOTYPES = YES;
				CLANG_WARN_SUSPICIOUS_MOVE = YES;
				CLANG_WARN_UNGUARDED_AVAILABILITY = YES_AGGRESSIVE;
				CLANG_WARN_UNREACHABLE_CODE = YES;
				CLANG_WARN__DUPLICATE_METHOD_MATCH = YES;
				COPY_PHASE_STRIP = NO;
				DEAD_CODE_STRIPPING = YES;
				DEBUG_INFORMATION_FORMAT = "dwarf-with-dsym";
				DEVELOPMENT_TEAM = D243YH28Y6;
				ENABLE_NS_ASSERTIONS = NO;
				ENABLE_STRICT_OBJC_MSGSEND = YES;
				ENABLE_USER_SCRIPT_SANDBOXING = YES;
				GCC_C_LANGUAGE_STANDARD = gnu17;
				GCC_NO_COMMON_BLOCKS = YES;
				GCC_WARN_64_TO_32_BIT_CONVERSION = YES;
				GCC_WARN_ABOUT_RETURN_TYPE = YES_ERROR;
				GCC_WARN_UNDECLARED_SELECTOR = YES;
				GCC_WARN_UNINITIALIZED_AUTOS = YES_AGGRESSIVE;
				GCC_WARN_UNUSED_FUNCTION = YES;
				GCC_WARN_UNUSED_VARIABLE = YES;
				LOCALIZATION_PREFERS_STRING_CATALOGS = YES;
				MTL_ENABLE_DEBUG_INFO = NO;
				MTL_FAST_MATH = YES;
				SWIFT_COMPILATION_MODE = wholemodule;
			};
			name = Release;
		};
		02C1446D2D5B7BB0009C99CF /* Debug */ = {
			isa = XCBuildConfiguration;
			buildSettings = {
				ASSETCATALOG_COMPILER_APPICON_NAME = AppIcon;
				ASSETCATALOG_COMPILER_GLOBAL_ACCENT_COLOR_NAME = AccentColor;
				CODE_SIGN_ENTITLEMENTS = Recipes/Recipes.entitlements;
				CODE_SIGN_STYLE = Automatic;
				CURRENT_PROJECT_VERSION = 1;
				DEAD_CODE_STRIPPING = YES;
				DEVELOPMENT_ASSET_PATHS = "\"Recipes/Preview Content\"";
				ENABLE_HARDENED_RUNTIME = YES;
				ENABLE_PREVIEWS = YES;
				GENERATE_INFOPLIST_FILE = YES;
				"INFOPLIST_KEY_UIApplicationSceneManifest_Generation[sdk=iphoneos*]" = YES;
				"INFOPLIST_KEY_UIApplicationSceneManifest_Generation[sdk=iphonesimulator*]" = YES;
				"INFOPLIST_KEY_UIApplicationSupportsIndirectInputEvents[sdk=iphoneos*]" = YES;
				"INFOPLIST_KEY_UIApplicationSupportsIndirectInputEvents[sdk=iphonesimulator*]" = YES;
				"INFOPLIST_KEY_UILaunchScreen_Generation[sdk=iphoneos*]" = YES;
				"INFOPLIST_KEY_UILaunchScreen_Generation[sdk=iphonesimulator*]" = YES;
				"INFOPLIST_KEY_UIStatusBarStyle[sdk=iphoneos*]" = UIStatusBarStyleDefault;
				"INFOPLIST_KEY_UIStatusBarStyle[sdk=iphonesimulator*]" = UIStatusBarStyleDefault;
				INFOPLIST_KEY_UISupportedInterfaceOrientations_iPad = "UIInterfaceOrientationPortrait UIInterfaceOrientationPortraitUpsideDown UIInterfaceOrientationLandscapeLeft UIInterfaceOrientationLandscapeRight";
				INFOPLIST_KEY_UISupportedInterfaceOrientations_iPhone = "UIInterfaceOrientationPortrait UIInterfaceOrientationLandscapeLeft UIInterfaceOrientationLandscapeRight";
				IPHONEOS_DEPLOYMENT_TARGET = 18.2;
				LD_RUNPATH_SEARCH_PATHS = "@executable_path/Frameworks";
				"LD_RUNPATH_SEARCH_PATHS[sdk=macosx*]" = "@executable_path/../Frameworks";
				MACOSX_DEPLOYMENT_TARGET = 14.0;
				MARKETING_VERSION = 1.0;
				PRODUCT_BUNDLE_IDENTIFIER = tml.Recipes;
				PRODUCT_NAME = "$(TARGET_NAME)";
				REGISTER_APP_GROUPS = YES;
				SDKROOT = auto;
				SUPPORTED_PLATFORMS = "iphoneos iphonesimulator macosx xros xrsimulator";
				SWIFT_EMIT_LOC_STRINGS = YES;
				SWIFT_VERSION = 5.0;
				TARGETED_DEVICE_FAMILY = "1,2,7";
				XROS_DEPLOYMENT_TARGET = 2.2;
			};
			name = Debug;
		};
		02C1446E2D5B7BB0009C99CF /* Release */ = {
			isa = XCBuildConfiguration;
			buildSettings = {
				ASSETCATALOG_COMPILER_APPICON_NAME = AppIcon;
				ASSETCATALOG_COMPILER_GLOBAL_ACCENT_COLOR_NAME = AccentColor;
				CODE_SIGN_ENTITLEMENTS = Recipes/Recipes.entitlements;
				CODE_SIGN_STYLE = Automatic;
				CURRENT_PROJECT_VERSION = 1;
				DEAD_CODE_STRIPPING = YES;
				DEVELOPMENT_ASSET_PATHS = "\"Recipes/Preview Content\"";
				ENABLE_HARDENED_RUNTIME = YES;
				ENABLE_PREVIEWS = YES;
				GENERATE_INFOPLIST_FILE = YES;
				"INFOPLIST_KEY_UIApplicationSceneManifest_Generation[sdk=iphoneos*]" = YES;
				"INFOPLIST_KEY_UIApplicationSceneManifest_Generation[sdk=iphonesimulator*]" = YES;
				"INFOPLIST_KEY_UIApplicationSupportsIndirectInputEvents[sdk=iphoneos*]" = YES;
				"INFOPLIST_KEY_UIApplicationSupportsIndirectInputEvents[sdk=iphonesimulator*]" = YES;
				"INFOPLIST_KEY_UILaunchScreen_Generation[sdk=iphoneos*]" = YES;
				"INFOPLIST_KEY_UILaunchScreen_Generation[sdk=iphonesimulator*]" = YES;
				"INFOPLIST_KEY_UIStatusBarStyle[sdk=iphoneos*]" = UIStatusBarStyleDefault;
				"INFOPLIST_KEY_UIStatusBarStyle[sdk=iphonesimulator*]" = UIStatusBarStyleDefault;
				INFOPLIST_KEY_UISupportedInterfaceOrientations_iPad = "UIInterfaceOrientationPortrait UIInterfaceOrientationPortraitUpsideDown UIInterfaceOrientationLandscapeLeft UIInterfaceOrientationLandscapeRight";
				INFOPLIST_KEY_UISupportedInterfaceOrientations_iPhone = "UIInterfaceOrientationPortrait UIInterfaceOrientationLandscapeLeft UIInterfaceOrientationLandscapeRight";
				IPHONEOS_DEPLOYMENT_TARGET = 18.2;
				LD_RUNPATH_SEARCH_PATHS = "@executable_path/Frameworks";
				"LD_RUNPATH_SEARCH_PATHS[sdk=macosx*]" = "@executable_path/../Frameworks";
				MACOSX_DEPLOYMENT_TARGET = 14.0;
				MARKETING_VERSION = 1.0;
				PRODUCT_BUNDLE_IDENTIFIER = tml.Recipes;
				PRODUCT_NAME = "$(TARGET_NAME)";
				REGISTER_APP_GROUPS = YES;
				SDKROOT = auto;
				SUPPORTED_PLATFORMS = "iphoneos iphonesimulator macosx xros xrsimulator";
				SWIFT_EMIT_LOC_STRINGS = YES;
				SWIFT_VERSION = 5.0;
				TARGETED_DEVICE_FAMILY = "1,2,7";
				XROS_DEPLOYMENT_TARGET = 2.2;
			};
			name = Release;
		};
/* End XCBuildConfiguration section */

/* Begin XCConfigurationList section */
		02BA121C2DE74FF2008FC60F /* Build configuration list for PBXNativeTarget "RecipesWidgetExtension" */ = {
			isa = XCConfigurationList;
			buildConfigurations = (
				02BA12192DE74FF2008FC60F /* Debug */,
				02BA121A2DE74FF2008FC60F /* Release */,
			);
			defaultConfigurationIsVisible = 0;
			defaultConfigurationName = Release;
		};
		02C144562D5B7BAC009C99CF /* Build configuration list for PBXProject "Recipes" */ = {
			isa = XCConfigurationList;
			buildConfigurations = (
				02C1446A2D5B7BB0009C99CF /* Debug */,
				02C1446B2D5B7BB0009C99CF /* Release */,
			);
			defaultConfigurationIsVisible = 0;
			defaultConfigurationName = Release;
		};
		02C1446C2D5B7BB0009C99CF /* Build configuration list for PBXNativeTarget "Recipes" */ = {
			isa = XCConfigurationList;
			buildConfigurations = (
				02C1446D2D5B7BB0009C99CF /* Debug */,
				02C1446E2D5B7BB0009C99CF /* Release */,
			);
			defaultConfigurationIsVisible = 0;
			defaultConfigurationName = Release;
		};
/* End XCConfigurationList section */
	};
	rootObject = 02C144532D5B7BAC009C99CF /* Project object */;
}
